
Microsoft Visual Studio Solution File, Format Version 9.00
# Visual Studio 2005
Project("{FAE04EC0-301F-11D3-BF4B-00C04F79EFBC}") = "CrossroadsModel", "CrossroadsModel\CrossroadsModel.csproj", "{FCC0B511-9B8B-434A-9D8F-02BBCBEDED73}"
EndProject
Global
	GlobalSection(SolutionConfigurationPlatforms) = preSolution
		Debug|Any CPU = Debug|Any CPU
		Release|Any CPU = Release|Any CPU
	EndGlobalSection
	GlobalSection(ProjectConfigurationPlatforms) = postSolution
		{FCC0B511-9B8B-434A-9D8F-02BBCBEDED73}.Debug|Any CPU.ActiveCfg = Debug|Any CPU
		{FCC0B511-9B8B-434A-9D8F-02BBCBEDED73}.Debug|Any CPU.Build.0 = Debug|Any CPU
		{FCC0B511-9B8B-434A-9D8F-02BBCBEDED73}.Release|Any CPU.ActiveCfg = Release|Any CPU
		{FCC0B511-9B8B-434A-9D8F-02BBCBEDED73}.Release|Any CPU.Build.0 = Release|Any CPU
	EndGlobalSection
	GlobalSection(SolutionProperties) = preSolution
		HideSolutionNode = FALSE
	EndGlobalSection
EndGlobal
